
Microsoft Visual Studio Solution File, Format Version 12.00
# Visual Studio 15
Project("{FAE04EC0-301F-11D3-BF4B-00C04F79EFBC}") = "EjercicioPag55", "Ejercicio46\EjercicioPag55.csproj", "{460C358C-D2B1-496F-9AE4-18C06D1D83F3}"
EndProject
Project("{FAE04EC0-301F-11D3-BF4B-00C04F79EFBC}") = "Ejercicio1", "Ejercicio1\Ejercicio1.csproj", "{7522E709-7E20-4524-9A16-1A861119A7C0}"
EndProject
Project("{FAE04EC0-301F-11D3-BF4B-00C04F79EFBC}") = "ejercicio2", "ejercicio2\ejercicio2.csproj", "{5F25009E-88A1-4F3F-BBC7-B37E476F1262}"
EndProject
Project("{FAE04EC0-301F-11D3-BF4B-00C04F79EFBC}") = "Ejercicio3", "Ejercicio3\Ejercicio3.csproj", "{BB9442F4-E891-46FC-BAF3-C661C700380C}"
EndProject
Project("{FAE04EC0-301F-11D3-BF4B-00C04F79EFBC}") = "Ejercicio4", "Ejercicio4\Ejercicio4.csproj", "{E8FC438A-DB80-4D44-997D-4A8B52297B70}"
EndProject
Project("{FAE04EC0-301F-11D3-BF4B-00C04F79EFBC}") = "Ejercicio5", "Ejercicio5\Ejercicio5.csproj", "{323BDCF2-9ECF-4EFE-8D8C-C5ACA92523A9}"
EndProject
Project("{FAE04EC0-301F-11D3-BF4B-00C04F79EFBC}") = "Ejercicio6", "Ejercicio6\Ejercicio6.csproj", "{E340C7E6-0942-44A9-AEA0-95E1A48D4FC2}"
EndProject
Project("{FAE04EC0-301F-11D3-BF4B-00C04F79EFBC}") = "Ejercicio7", "Ejercicio7\Ejercicio7.csproj", "{78622EE9-441A-4F4F-983F-DBEF20A67415}"
EndProject
Project("{FAE04EC0-301F-11D3-BF4B-00C04F79EFBC}") = "Ejercicio8", "Ejercicio8\Ejercicio8.csproj", "{7ECA780E-5313-4256-BA5D-AFE7E7E76C82}"
EndProject
Project("{FAE04EC0-301F-11D3-BF4B-00C04F79EFBC}") = "Ejercicio9", "Ejercicio9\Ejercicio9.csproj", "{93D1B7CE-C2DF-4F96-8C45-B5E102B4E2EF}"
EndProject
Project("{FAE04EC0-301F-11D3-BF4B-00C04F79EFBC}") = "Ejercicio10", "Ejercicio10\Ejercicio10.csproj", "{E25E36E6-94A0-4AC8-A27E-7AA634A9AF0C}"
EndProject
Project("{FAE04EC0-301F-11D3-BF4B-00C04F79EFBC}") = "Ejercicio11", "Ejercicio11\Ejercicio11.csproj", "{6EF8BBC8-7852-439F-9F25-4DC22EEF7CC0}"
EndProject
Project("{FAE04EC0-301F-11D3-BF4B-00C04F79EFBC}") = "Ejercicio12", "Ejercicio12\Ejercicio12.csproj", "{748656F2-4311-4B15-8791-68C848EC5983}"
EndProject
Project("{FAE04EC0-301F-11D3-BF4B-00C04F79EFBC}") = "Ejercicio13", "Proyecto13\Ejercicio13.csproj", "{4FAED45B-24F3-4F8D-AA89-DFE95AD7CAD2}"
EndProject
Project("{FAE04EC0-301F-11D3-BF4B-00C04F79EFBC}") = "ejercicio14", "ejercicio14\ejercicio14.csproj", "{40F58A44-D9F3-49E3-9CC0-B58D51F80F18}"
EndProject
Project("{FAE04EC0-301F-11D3-BF4B-00C04F79EFBC}") = "Ejercicio15", "Ejercicio15\Ejercicio15.csproj", "{7C0A5115-5C2C-4686-B6CE-D57AD5792303}"
EndProject
Project("{FAE04EC0-301F-11D3-BF4B-00C04F79EFBC}") = "Ejercicio16", "Ejercicio16\Ejercicio16.csproj", "{F064623E-4F2C-4D46-BEBD-A75A4FDEFE9A}"
EndProject
Project("{FAE04EC0-301F-11D3-BF4B-00C04F79EFBC}") = "Ejercicio17", "Ejercicio17\Ejercicio17.csproj", "{3C31B9DD-38E9-4056-A0D9-8DBC40C23D71}"
EndProject
Project("{FAE04EC0-301F-11D3-BF4B-00C04F79EFBC}") = "Ejercicio18", "Ejercicio18\Ejercicio18.csproj", "{2A1D3371-93E3-4BF2-904D-AB962846E748}"
EndProject
Project("{FAE04EC0-301F-11D3-BF4B-00C04F79EFBC}") = "Ejercicio19", "Ejercicio19\Ejercicio19.csproj", "{70E797DA-0591-4EE3-A7B8-347E47713742}"
EndProject
Project("{FAE04EC0-301F-11D3-BF4B-00C04F79EFBC}") = "Ejercicio20", "Ejercicio20\Ejercicio20.csproj", "{675B2043-8834-4DEB-89C4-334856888CF2}"
EndProject
Project("{FAE04EC0-301F-11D3-BF4B-00C04F79EFBC}") = "Ejercicio21", "Ejercicio21\Ejercicio21.csproj", "{4C7EF0AC-EFA7-4D16-B6B5-8749C7F2F41E}"
EndProject
Project("{FAE04EC0-301F-11D3-BF4B-00C04F79EFBC}") = "Ejercicio22", "Ejercicio22\Ejercicio22.csproj", "{645D965C-9954-4519-86CF-5D030512C76F}"
EndProject
Project("{FAE04EC0-301F-11D3-BF4B-00C04F79EFBC}") = "Ejercicio23", "Ejercicio23\Ejercicio23.csproj", "{80D7A2C9-5042-4414-99E4-905832767730}"
EndProject
Project("{FAE04EC0-301F-11D3-BF4B-00C04F79EFBC}") = "Ejercicio24", "Ejercicio24\Ejercicio24.csproj", "{0828ECE9-6E93-4796-B64E-12D1F9CEA391}"
EndProject
Project("{FAE04EC0-301F-11D3-BF4B-00C04F79EFBC}") = "Ejercicio25", "Ejercicio25\Ejercicio25.csproj", "{DD0032AE-A2E5-4000-8324-91A19832E951}"
EndProject
Project("{FAE04EC0-301F-11D3-BF4B-00C04F79EFBC}") = "Ejercicio26", "Ejercicio26\Ejercicio26.csproj", "{1710A340-DB16-4439-A052-1E63EC197B58}"
EndProject
Project("{FAE04EC0-301F-11D3-BF4B-00C04F79EFBC}") = "Ejercicio27", "Ejercicio27\Ejercicio27.csproj", "{69C1D8EA-A32D-409B-8D29-4E781FAA2547}"
EndProject
Project("{FAE04EC0-301F-11D3-BF4B-00C04F79EFBC}") = "Ejercicio28", "Ejercicio28\Ejercicio28.csproj", "{13134557-D7FD-44A8-8570-C9A8F5C46D9E}"
EndProject
Project("{FAE04EC0-301F-11D3-BF4B-00C04F79EFBC}") = "Ejercicio29", "Ejercicio29\Ejercicio29.csproj", "{4CA0816E-3621-409E-B6DD-D99D1ADAADE2}"
EndProject
Project("{FAE04EC0-301F-11D3-BF4B-00C04F79EFBC}") = "Ejercicio30", "Ejercicio30\Ejercicio30.csproj", "{705DCCC9-3852-438B-B416-202672D9EBF9}"
EndProject
Project("{FAE04EC0-301F-11D3-BF4B-00C04F79EFBC}") = "Ejercicio31", "Ejercicio31\Ejercicio31.csproj", "{3F0CEBB0-C42C-48F4-A1E0-D2483F779360}"
EndProject
Project("{FAE04EC0-301F-11D3-BF4B-00C04F79EFBC}") = "Ejercicio32", "Ejercicio32\Ejercicio32.csproj", "{5FE8AEE5-B161-4ED9-9250-8FD619E01ABC}"
EndProject
Project("{FAE04EC0-301F-11D3-BF4B-00C04F79EFBC}") = "EJercicio33", "EJercicio33\EJercicio33.csproj", "{707FA127-C70F-4D3B-B7F6-DFC52B9A22F0}"
EndProject
Project("{FAE04EC0-301F-11D3-BF4B-00C04F79EFBC}") = "Ejercicio34", "Ejercicio34\Ejercicio34.csproj", "{E9CAE532-4CA5-431B-BF05-B03565EC9780}"
EndProject
Project("{FAE04EC0-301F-11D3-BF4B-00C04F79EFBC}") = "Ejercicio35", "Ejercicio35\Ejercicio35.csproj", "{07A6065D-42EC-4E9B-AA73-4A7A61139DD8}"
EndProject
Global
	GlobalSection(SolutionConfigurationPlatforms) = preSolution
		Debug|x86 = Debug|x86
		Release|x86 = Release|x86
	EndGlobalSection
	GlobalSection(ProjectConfigurationPlatforms) = postSolution
		{460C358C-D2B1-496F-9AE4-18C06D1D83F3}.Debug|x86.ActiveCfg = Debug|x86
		{460C358C-D2B1-496F-9AE4-18C06D1D83F3}.Debug|x86.Build.0 = Debug|x86
		{460C358C-D2B1-496F-9AE4-18C06D1D83F3}.Release|x86.ActiveCfg = Release|x86
		{460C358C-D2B1-496F-9AE4-18C06D1D83F3}.Release|x86.Build.0 = Release|x86
		{7522E709-7E20-4524-9A16-1A861119A7C0}.Debug|x86.ActiveCfg = Debug|x86
		{7522E709-7E20-4524-9A16-1A861119A7C0}.Debug|x86.Build.0 = Debug|x86
		{7522E709-7E20-4524-9A16-1A861119A7C0}.Release|x86.ActiveCfg = Release|x86
		{7522E709-7E20-4524-9A16-1A861119A7C0}.Release|x86.Build.0 = Release|x86
		{5F25009E-88A1-4F3F-BBC7-B37E476F1262}.Debug|x86.ActiveCfg = Debug|x86
		{5F25009E-88A1-4F3F-BBC7-B37E476F1262}.Debug|x86.Build.0 = Debug|x86
		{5F25009E-88A1-4F3F-BBC7-B37E476F1262}.Release|x86.ActiveCfg = Release|x86
		{5F25009E-88A1-4F3F-BBC7-B37E476F1262}.Release|x86.Build.0 = Release|x86
		{BB9442F4-E891-46FC-BAF3-C661C700380C}.Debug|x86.ActiveCfg = Debug|x86
		{BB9442F4-E891-46FC-BAF3-C661C700380C}.Debug|x86.Build.0 = Debug|x86
		{BB9442F4-E891-46FC-BAF3-C661C700380C}.Release|x86.ActiveCfg = Release|x86
		{BB9442F4-E891-46FC-BAF3-C661C700380C}.Release|x86.Build.0 = Release|x86
		{E8FC438A-DB80-4D44-997D-4A8B52297B70}.Debug|x86.ActiveCfg = Debug|x86
		{E8FC438A-DB80-4D44-997D-4A8B52297B70}.Debug|x86.Build.0 = Debug|x86
		{E8FC438A-DB80-4D44-997D-4A8B52297B70}.Release|x86.ActiveCfg = Release|x86
		{E8FC438A-DB80-4D44-997D-4A8B52297B70}.Release|x86.Build.0 = Release|x86
		{323BDCF2-9ECF-4EFE-8D8C-C5ACA92523A9}.Debug|x86.ActiveCfg = Debug|x86
		{323BDCF2-9ECF-4EFE-8D8C-C5ACA92523A9}.Debug|x86.Build.0 = Debug|x86
		{323BDCF2-9ECF-4EFE-8D8C-C5ACA92523A9}.Release|x86.ActiveCfg = Release|x86
		{323BDCF2-9ECF-4EFE-8D8C-C5ACA92523A9}.Release|x86.Build.0 = Release|x86
		{E340C7E6-0942-44A9-AEA0-95E1A48D4FC2}.Debug|x86.ActiveCfg = Debug|x86
		{E340C7E6-0942-44A9-AEA0-95E1A48D4FC2}.Debug|x86.Build.0 = Debug|x86
		{E340C7E6-0942-44A9-AEA0-95E1A48D4FC2}.Release|x86.ActiveCfg = Release|x86
		{E340C7E6-0942-44A9-AEA0-95E1A48D4FC2}.Release|x86.Build.0 = Release|x86
		{78622EE9-441A-4F4F-983F-DBEF20A67415}.Debug|x86.ActiveCfg = Debug|x86
		{78622EE9-441A-4F4F-983F-DBEF20A67415}.Debug|x86.Build.0 = Debug|x86
		{78622EE9-441A-4F4F-983F-DBEF20A67415}.Release|x86.ActiveCfg = Release|x86
		{78622EE9-441A-4F4F-983F-DBEF20A67415}.Release|x86.Build.0 = Release|x86
		{7ECA780E-5313-4256-BA5D-AFE7E7E76C82}.Debug|x86.ActiveCfg = Debug|x86
		{7ECA780E-5313-4256-BA5D-AFE7E7E76C82}.Debug|x86.Build.0 = Debug|x86
		{7ECA780E-5313-4256-BA5D-AFE7E7E76C82}.Release|x86.ActiveCfg = Release|x86
		{7ECA780E-5313-4256-BA5D-AFE7E7E76C82}.Release|x86.Build.0 = Release|x86
		{93D1B7CE-C2DF-4F96-8C45-B5E102B4E2EF}.Debug|x86.ActiveCfg = Debug|x86
		{93D1B7CE-C2DF-4F96-8C45-B5E102B4E2EF}.Debug|x86.Build.0 = Debug|x86
		{93D1B7CE-C2DF-4F96-8C45-B5E102B4E2EF}.Release|x86.ActiveCfg = Release|x86
		{93D1B7CE-C2DF-4F96-8C45-B5E102B4E2EF}.Release|x86.Build.0 = Release|x86
		{E25E36E6-94A0-4AC8-A27E-7AA634A9AF0C}.Debug|x86.ActiveCfg = Debug|x86
		{E25E36E6-94A0-4AC8-A27E-7AA634A9AF0C}.Debug|x86.Build.0 = Debug|x86
		{E25E36E6-94A0-4AC8-A27E-7AA634A9AF0C}.Release|x86.ActiveCfg = Release|x86
		{E25E36E6-94A0-4AC8-A27E-7AA634A9AF0C}.Release|x86.Build.0 = Release|x86
		{6EF8BBC8-7852-439F-9F25-4DC22EEF7CC0}.Debug|x86.ActiveCfg = Debug|x86
		{6EF8BBC8-7852-439F-9F25-4DC22EEF7CC0}.Debug|x86.Build.0 = Debug|x86
		{6EF8BBC8-7852-439F-9F25-4DC22EEF7CC0}.Release|x86.ActiveCfg = Release|x86
		{6EF8BBC8-7852-439F-9F25-4DC22EEF7CC0}.Release|x86.Build.0 = Release|x86
		{748656F2-4311-4B15-8791-68C848EC5983}.Debug|x86.ActiveCfg = Debug|x86
		{748656F2-4311-4B15-8791-68C848EC5983}.Debug|x86.Build.0 = Debug|x86
		{748656F2-4311-4B15-8791-68C848EC5983}.Release|x86.ActiveCfg = Release|x86
		{748656F2-4311-4B15-8791-68C848EC5983}.Release|x86.Build.0 = Release|x86
		{4FAED45B-24F3-4F8D-AA89-DFE95AD7CAD2}.Debug|x86.ActiveCfg = Debug|x86
		{4FAED45B-24F3-4F8D-AA89-DFE95AD7CAD2}.Debug|x86.Build.0 = Debug|x86
		{4FAED45B-24F3-4F8D-AA89-DFE95AD7CAD2}.Release|x86.ActiveCfg = Release|x86
		{4FAED45B-24F3-4F8D-AA89-DFE95AD7CAD2}.Release|x86.Build.0 = Release|x86
		{40F58A44-D9F3-49E3-9CC0-B58D51F80F18}.Debug|x86.ActiveCfg = Debug|x86
		{40F58A44-D9F3-49E3-9CC0-B58D51F80F18}.Debug|x86.Build.0 = Debug|x86
		{40F58A44-D9F3-49E3-9CC0-B58D51F80F18}.Release|x86.ActiveCfg = Release|x86
		{40F58A44-D9F3-49E3-9CC0-B58D51F80F18}.Release|x86.Build.0 = Release|x86
		{7C0A5115-5C2C-4686-B6CE-D57AD5792303}.Debug|x86.ActiveCfg = Debug|x86
		{7C0A5115-5C2C-4686-B6CE-D57AD5792303}.Debug|x86.Build.0 = Debug|x86
		{7C0A5115-5C2C-4686-B6CE-D57AD5792303}.Release|x86.ActiveCfg = Release|x86
		{7C0A5115-5C2C-4686-B6CE-D57AD5792303}.Release|x86.Build.0 = Release|x86
		{F064623E-4F2C-4D46-BEBD-A75A4FDEFE9A}.Debug|x86.ActiveCfg = Debug|x86
		{F064623E-4F2C-4D46-BEBD-A75A4FDEFE9A}.Debug|x86.Build.0 = Debug|x86
		{F064623E-4F2C-4D46-BEBD-A75A4FDEFE9A}.Release|x86.ActiveCfg = Release|x86
		{F064623E-4F2C-4D46-BEBD-A75A4FDEFE9A}.Release|x86.Build.0 = Release|x86
		{3C31B9DD-38E9-4056-A0D9-8DBC40C23D71}.Debug|x86.ActiveCfg = Debug|x86
		{3C31B9DD-38E9-4056-A0D9-8DBC40C23D71}.Debug|x86.Build.0 = Debug|x86
		{3C31B9DD-38E9-4056-A0D9-8DBC40C23D71}.Release|x86.ActiveCfg = Release|x86
		{3C31B9DD-38E9-4056-A0D9-8DBC40C23D71}.Release|x86.Build.0 = Release|x86
		{2A1D3371-93E3-4BF2-904D-AB962846E748}.Debug|x86.ActiveCfg = Debug|x86
		{2A1D3371-93E3-4BF2-904D-AB962846E748}.Debug|x86.Build.0 = Debug|x86
		{2A1D3371-93E3-4BF2-904D-AB962846E748}.Release|x86.ActiveCfg = Release|x86
		{2A1D3371-93E3-4BF2-904D-AB962846E748}.Release|x86.Build.0 = Release|x86
		{70E797DA-0591-4EE3-A7B8-347E47713742}.Debug|x86.ActiveCfg = Debug|x86
		{70E797DA-0591-4EE3-A7B8-347E47713742}.Debug|x86.Build.0 = Debug|x86
		{70E797DA-0591-4EE3-A7B8-347E47713742}.Release|x86.ActiveCfg = Release|x86
		{70E797DA-0591-4EE3-A7B8-347E47713742}.Release|x86.Build.0 = Release|x86
		{675B2043-8834-4DEB-89C4-334856888CF2}.Debug|x86.ActiveCfg = Debug|x86
		{675B2043-8834-4DEB-89C4-334856888CF2}.Debug|x86.Build.0 = Debug|x86
		{675B2043-8834-4DEB-89C4-334856888CF2}.Release|x86.ActiveCfg = Release|x86
		{675B2043-8834-4DEB-89C4-334856888CF2}.Release|x86.Build.0 = Release|x86
		{4C7EF0AC-EFA7-4D16-B6B5-8749C7F2F41E}.Debug|x86.ActiveCfg = Debug|x86
		{4C7EF0AC-EFA7-4D16-B6B5-8749C7F2F41E}.Debug|x86.Build.0 = Debug|x86
		{4C7EF0AC-EFA7-4D16-B6B5-8749C7F2F41E}.Release|x86.ActiveCfg = Release|x86
		{4C7EF0AC-EFA7-4D16-B6B5-8749C7F2F41E}.Release|x86.Build.0 = Release|x86
		{645D965C-9954-4519-86CF-5D030512C76F}.Debug|x86.ActiveCfg = Debug|x86
		{645D965C-9954-4519-86CF-5D030512C76F}.Debug|x86.Build.0 = Debug|x86
		{645D965C-9954-4519-86CF-5D030512C76F}.Release|x86.ActiveCfg = Release|x86
		{645D965C-9954-4519-86CF-5D030512C76F}.Release|x86.Build.0 = Release|x86
		{80D7A2C9-5042-4414-99E4-905832767730}.Debug|x86.ActiveCfg = Debug|x86
		{80D7A2C9-5042-4414-99E4-905832767730}.Debug|x86.Build.0 = Debug|x86
		{80D7A2C9-5042-4414-99E4-905832767730}.Release|x86.ActiveCfg = Release|x86
		{80D7A2C9-5042-4414-99E4-905832767730}.Release|x86.Build.0 = Release|x86
		{0828ECE9-6E93-4796-B64E-12D1F9CEA391}.Debug|x86.ActiveCfg = Debug|x86
		{0828ECE9-6E93-4796-B64E-12D1F9CEA391}.Debug|x86.Build.0 = Debug|x86
		{0828ECE9-6E93-4796-B64E-12D1F9CEA391}.Release|x86.ActiveCfg = Release|x86
		{0828ECE9-6E93-4796-B64E-12D1F9CEA391}.Release|x86.Build.0 = Release|x86
		{DD0032AE-A2E5-4000-8324-91A19832E951}.Debug|x86.ActiveCfg = Debug|x86
		{DD0032AE-A2E5-4000-8324-91A19832E951}.Debug|x86.Build.0 = Debug|x86
		{DD0032AE-A2E5-4000-8324-91A19832E951}.Release|x86.ActiveCfg = Release|x86
		{DD0032AE-A2E5-4000-8324-91A19832E951}.Release|x86.Build.0 = Release|x86
		{1710A340-DB16-4439-A052-1E63EC197B58}.Debug|x86.ActiveCfg = Debug|x86
		{1710A340-DB16-4439-A052-1E63EC197B58}.Debug|x86.Build.0 = Debug|x86
		{1710A340-DB16-4439-A052-1E63EC197B58}.Release|x86.ActiveCfg = Release|x86
		{1710A340-DB16-4439-A052-1E63EC197B58}.Release|x86.Build.0 = Release|x86
		{69C1D8EA-A32D-409B-8D29-4E781FAA2547}.Debug|x86.ActiveCfg = Debug|x86
		{69C1D8EA-A32D-409B-8D29-4E781FAA2547}.Debug|x86.Build.0 = Debug|x86
		{69C1D8EA-A32D-409B-8D29-4E781FAA2547}.Release|x86.ActiveCfg = Release|x86
		{69C1D8EA-A32D-409B-8D29-4E781FAA2547}.Release|x86.Build.0 = Release|x86
		{13134557-D7FD-44A8-8570-C9A8F5C46D9E}.Debug|x86.ActiveCfg = Debug|x86
		{13134557-D7FD-44A8-8570-C9A8F5C46D9E}.Debug|x86.Build.0 = Debug|x86
		{13134557-D7FD-44A8-8570-C9A8F5C46D9E}.Release|x86.ActiveCfg = Release|x86
		{13134557-D7FD-44A8-8570-C9A8F5C46D9E}.Release|x86.Build.0 = Release|x86
		{4CA0816E-3621-409E-B6DD-D99D1ADAADE2}.Debug|x86.ActiveCfg = Debug|x86
		{4CA0816E-3621-409E-B6DD-D99D1ADAADE2}.Debug|x86.Build.0 = Debug|x86
		{4CA0816E-3621-409E-B6DD-D99D1ADAADE2}.Release|x86.ActiveCfg = Release|x86
		{4CA0816E-3621-409E-B6DD-D99D1ADAADE2}.Release|x86.Build.0 = Release|x86
		{705DCCC9-3852-438B-B416-202672D9EBF9}.Debug|x86.ActiveCfg = Debug|x86
		{705DCCC9-3852-438B-B416-202672D9EBF9}.Debug|x86.Build.0 = Debug|x86
		{705DCCC9-3852-438B-B416-202672D9EBF9}.Release|x86.ActiveCfg = Release|x86
		{705DCCC9-3852-438B-B416-202672D9EBF9}.Release|x86.Build.0 = Release|x86
		{3F0CEBB0-C42C-48F4-A1E0-D2483F779360}.Debug|x86.ActiveCfg = Debug|x86
		{3F0CEBB0-C42C-48F4-A1E0-D2483F779360}.Debug|x86.Build.0 = Debug|x86
		{3F0CEBB0-C42C-48F4-A1E0-D2483F779360}.Release|x86.ActiveCfg = Release|x86
		{3F0CEBB0-C42C-48F4-A1E0-D2483F779360}.Release|x86.Build.0 = Release|x86
		{5FE8AEE5-B161-4ED9-9250-8FD619E01ABC}.Debug|x86.ActiveCfg = Debug|x86
		{5FE8AEE5-B161-4ED9-9250-8FD619E01ABC}.Debug|x86.Build.0 = Debug|x86
		{5FE8AEE5-B161-4ED9-9250-8FD619E01ABC}.Release|x86.ActiveCfg = Release|x86
		{5FE8AEE5-B161-4ED9-9250-8FD619E01ABC}.Release|x86.Build.0 = Release|x86
		{707FA127-C70F-4D3B-B7F6-DFC52B9A22F0}.Debug|x86.ActiveCfg = Debug|x86
		{707FA127-C70F-4D3B-B7F6-DFC52B9A22F0}.Debug|x86.Build.0 = Debug|x86
		{707FA127-C70F-4D3B-B7F6-DFC52B9A22F0}.Release|x86.ActiveCfg = Release|x86
		{707FA127-C70F-4D3B-B7F6-DFC52B9A22F0}.Release|x86.Build.0 = Release|x86
		{E9CAE532-4CA5-431B-BF05-B03565EC9780}.Debug|x86.ActiveCfg = Debug|x86
		{E9CAE532-4CA5-431B-BF05-B03565EC9780}.Debug|x86.Build.0 = Debug|x86
		{E9CAE532-4CA5-431B-BF05-B03565EC9780}.Release|x86.ActiveCfg = Release|x86
		{E9CAE532-4CA5-431B-BF05-B03565EC9780}.Release|x86.Build.0 = Release|x86
		{07A6065D-42EC-4E9B-AA73-4A7A61139DD8}.Debug|x86.ActiveCfg = Debug|x86
		{07A6065D-42EC-4E9B-AA73-4A7A61139DD8}.Debug|x86.Build.0 = Debug|x86
		{07A6065D-42EC-4E9B-AA73-4A7A61139DD8}.Release|x86.ActiveCfg = Release|x86
		{07A6065D-42EC-4E9B-AA73-4A7A61139DD8}.Release|x86.Build.0 = Release|x86
	EndGlobalSection
EndGlobal
